{
  "version": 4,
  "terraform_version": "1.9.8",
  "serial": 2,
  "lineage": "5a5ccf4c-3e74-b385-5591-55de47f0fc68",
  "outputs": {
    "bucket_name": {
      "value": "tf-state-k8s-observability-sre-lab",
      "type": "string"
    },
    "endpoint": {
      "value": "nyc3.digitaloceanspaces.com",
      "type": "string"
    }
  },
  "resources": [
    {
      "mode": "managed",
      "type": "digitalocean_spaces_bucket",
      "name": "tf_state",
      "provider": "provider[\"registry.terraform.io/digitalocean/digitalocean\"]",
      "instances": [
        {
          "schema_version": 0,
          "attributes": {
            "acl": "private",
            "bucket_domain_name": "tf-state-k8s-observability-sre-lab.nyc3.digitaloceanspaces.com",
            "cors_rule": [],
            "endpoint": "nyc3.digitaloceanspaces.com",
            "force_destroy": false,
            "id": "tf-state-k8s-observability-sre-lab",
            "lifecycle_rule": [],
            "name": "tf-state-k8s-observability-sre-lab",
            "region": "nyc3",
            "urn": "do:space:tf-state-k8s-observability-sre-lab",
            "versioning": [
              {
                "enabled": false
              }
            ]
          },
          "sensitive_attributes": [],
          "private": "bnVsbA=="
        }
      ]
    }
  ],
  "check_results": null
}
